Microsoft Visual Studio Solution File, Format Version 12.00
# Visual Studio Version 17
VisualStudioVersion = 17.5.2.0
MinimumVisualStudioVersion = 10.0.40219.1
Project("{FAE04EC0-301F-11D3-BF4B-00C04F79EFBC}") = "semana_11", "semana_11.csproj", "{06CFF7B5-A271-16ED-CE61-9870EAF81662}"
EndProject
Global
	GlobalSection(SolutionConfigurationPlatforms) = preSolution
		Debug|Any CPU = Debug|Any CPU
		Release|Any CPU = Release|Any CPU
	EndGlobalSection
	GlobalSection(ProjectConfigurationPlatforms) = postSolution
		{06CFF7B5-A271-16ED-CE61-9870EAF81662}.Debug|Any CPU.ActiveCfg = Debug|Any CPU
		{06CFF7B5-A271-16ED-CE61-9870EAF81662}.Debug|Any CPU.Build.0 = Debug|Any CPU
		{06CFF7B5-A271-16ED-CE61-9870EAF81662}.Release|Any CPU.ActiveCfg = Release|Any CPU
		{06CFF7B5-A271-16ED-CE61-9870EAF81662}.Release|Any CPU.Build.0 = Release|Any CPU
	EndGlobalSection
	GlobalSection(SolutionProperties) = preSolution
		HideSolutionNode = FALSE
	EndGlobalSection
	GlobalSection(ExtensibilityGlobals) = postSolution
		SolutionGuid = {099F1214-D743-4230-A30D-FB6915794D58}
	EndGlobalSection
EndGlobal
