Microsoft Visual Studio Solution File, Format Version 12.00
# Visual Studio Version 17
VisualStudioVersion = 17.5.2.0
MinimumVisualStudioVersion = 10.0.40219.1
Project("{FAE04EC0-301F-11D3-BF4B-00C04F79EFBC}") = "semana_8_practica", "semana_8_practica.csproj", "{A22A17A3-2400-A25F-77A6-FAB09578880E}"
EndProject
Global
	GlobalSection(SolutionConfigurationPlatforms) = preSolution
		Debug|Any CPU = Debug|Any CPU
		Release|Any CPU = Release|Any CPU
	EndGlobalSection
	GlobalSection(ProjectConfigurationPlatforms) = postSolution
		{A22A17A3-2400-A25F-77A6-FAB09578880E}.Debug|Any CPU.ActiveCfg = Debug|Any CPU
		{A22A17A3-2400-A25F-77A6-FAB09578880E}.Debug|Any CPU.Build.0 = Debug|Any CPU
		{A22A17A3-2400-A25F-77A6-FAB09578880E}.Release|Any CPU.ActiveCfg = Release|Any CPU
		{A22A17A3-2400-A25F-77A6-FAB09578880E}.Release|Any CPU.Build.0 = Release|Any CPU
	EndGlobalSection
	GlobalSection(SolutionProperties) = preSolution
		HideSolutionNode = FALSE
	EndGlobalSection
	GlobalSection(ExtensibilityGlobals) = postSolution
		SolutionGuid = {91F2D5BB-EB27-4410-BC4C-979DA85E4217}
	EndGlobalSection
EndGlobal
